
Microsoft Visual Studio Solution File, Format Version 12.00
# Visual Studio Version 17
VisualStudioVersion = 17.9.34701.34
MinimumVisualStudioVersion = 10.0.40219.1
Project("{FAE04EC0-301F-11D3-BF4B-00C04F79EFBC}") = "BugTrackerApp", "BugTrackerApp\BugTrackerApp.csproj", "{4E575F1D-8345-4D05-95CF-D394D88CBE01}"
EndProject
Global
	GlobalSection(SolutionConfigurationPlatforms) = preSolution
		Debug|Any CPU = Debug|Any CPU
		Release|Any CPU = Release|Any CPU
	EndGlobalSection
	GlobalSection(ProjectConfigurationPlatforms) = postSolution
		{4E575F1D-8345-4D05-95CF-D394D88CBE01}.Debug|Any CPU.ActiveCfg = Debug|Any CPU
		{4E575F1D-8345-4D05-95CF-D394D88CBE01}.Debug|Any CPU.Build.0 = Debug|Any CPU
		{4E575F1D-8345-4D05-95CF-D394D88CBE01}.Release|Any CPU.ActiveCfg = Release|Any CPU
		{4E575F1D-8345-4D05-95CF-D394D88CBE01}.Release|Any CPU.Build.0 = Release|Any CPU
	EndGlobalSection
	GlobalSection(SolutionProperties) = preSolution
		HideSolutionNode = FALSE
	EndGlobalSection
	GlobalSection(ExtensibilityGlobals) = postSolution
		SolutionGuid = {7AEA62B9-7C6F-4FA1-B375-DC0F6930AF4E}
	EndGlobalSection
EndGlobal
